{
  "name": "harness",
  "version": "1.0.0",
  "lockfileVersion": 3,
  "requires": true,
  "packages": {
    "": {
      "name": "harness",
      "version": "1.0.0",
      "license": "ISC",
      "dependencies": {
        "@bjorn3/browser_wasi_shim": "^0.2.17"
      }
    },
    "node_modules/@bjorn3/browser_wasi_shim": {
      "version": "0.2.17",
      "resolved": "https://registry.npmjs.org/@bjorn3/browser_wasi_shim/-/browser_wasi_shim-0.2.17.tgz",
      "integrity": "sha512-B2qcaGROo4e2s4nXb3VPATrczVrntM4BUXtAU1gEzUOfqKTcVuePq4NfhH5hmLBSvZ45YcT4gflDRUFYqLhkxA==",
      "license": "MIT OR Apache-2.0"
    }
  }
}
